
Microsoft Visual Studio Solution File, Format Version 12.00
# Visual Studio Version 17
VisualStudioVersion = 17.8.34330.188
MinimumVisualStudioVersion = 10.0.40219.1
Project("{FAE04EC0-301F-11D3-BF4B-00C04F79EFBC}") = "MLStart", "MLStart\MLStart.csproj", "{4474D64B-8075-4D3B-8A2B-4CEC80E29881}"
EndProject
Global
	GlobalSection(SolutionConfigurationPlatforms) = preSolution
		Debug|Any CPU = Debug|Any CPU
		Release|Any CPU = Release|Any CPU
	EndGlobalSection
	GlobalSection(ProjectConfigurationPlatforms) = postSolution
		{4474D64B-8075-4D3B-8A2B-4CEC80E29881}.Debug|Any CPU.ActiveCfg = Debug|Any CPU
		{4474D64B-8075-4D3B-8A2B-4CEC80E29881}.Debug|Any CPU.Build.0 = Debug|Any CPU
		{4474D64B-8075-4D3B-8A2B-4CEC80E29881}.Release|Any CPU.ActiveCfg = Release|Any CPU
		{4474D64B-8075-4D3B-8A2B-4CEC80E29881}.Release|Any CPU.Build.0 = Release|Any CPU
	EndGlobalSection
	GlobalSection(SolutionProperties) = preSolution
		HideSolutionNode = FALSE
	EndGlobalSection
	GlobalSection(ExtensibilityGlobals) = postSolution
		SolutionGuid = {96AD66B5-8500-4C3A-9E69-882ACBB72FB8}
	EndGlobalSection
EndGlobal
